// !$*UTF8*$!
{
	archiveVersion = 1;
	classes = {
	};
	objectVersion = 46;
	objects = {

/* Begin PBXBuildFile section */
		6E5DF6F21E19407D00565D24 /* AppDelegate.swift in Sources */ = {isa = PBXBuildFile; fileRef = 6E5DF6F11E19407D00565D24 /* AppDelegate.swift */; };
		6E5DF6F41E19407D00565D24 /* ViewController.swift in Sources */ = {isa = PBXBuildFile; fileRef = 6E5DF6F31E19407D00565D24 /* ViewController.swift */; };
		6E5DF6F71E19407D00565D24 /* Main.storyboard in Resources */ = {isa = PBXBuildFile; fileRef = 6E5DF6F51E19407D00565D24 /* Main.storyboard */; };
		6E5DF6F91E19407D00565D24 /* Assets.xcassets in Resources */ = {isa = PBXBuildFile; fileRef = 6E5DF6F81E19407D00565D24 /* Assets.xcassets */; };
		6E5DF6FC1E19407D00565D24 /* LaunchScreen.storyboard in Resources */ = {isa = PBXBuildFile; fileRef = 6E5DF6FA1E19407D00565D24 /* LaunchScreen.storyboard */; };
		6E5DF7041E1940A200565D24 /* GCDBlackBox.swift in Sources */ = {isa = PBXBuildFile; fileRef = 6E5DF7031E1940A200565D24 /* GCDBlackBox.swift */; };
		6E5DF7061E1940F300565D24 /* Constans.swift in Sources */ = {isa = PBXBuildFile; fileRef = 6E5DF7051E1940F300565D24 /* Constans.swift */; };
		6E5DF7081E19688D00565D24 /* RandomNumberGenerator.swift in Sources */ = {isa = PBXBuildFile; fileRef = 6E5DF7071E19688D00565D24 /* RandomNumberGenerator.swift */; };
/* End PBXBuildFile section */

/* Begin PBXFileReference section */
		6E5DF6EE1E19407D00565D24 /* Sleeping In The Library.app */ = {isa = PBXFileReference; explicitFileType = wrapper.application; includeInIndex = 0; path = "Sleeping In The Library.app"; sourceTree = BUILT_PRODUCTS_DIR; };
		6E5DF6F11E19407D00565D24 /* AppDelegate.swift */ = {isa = PBXFileReference; lastKnownFileType = sourcecode.swift; path = AppDelegate.swift; sourceTree = "<group>"; };
		6E5DF6F31E19407D00565D24 /* ViewController.swift */ = {isa = PBXFileReference; lastKnownFileType = sourcecode.swift; path = ViewController.swift; sourceTree = "<group>"; };
		6E5DF6F61E19407D00565D24 /* Base */ = {isa = PBXFileReference; lastKnownFileType = file.storyboard; name = Base; path = Base.lproj/Main.storyboard; sourceTree = "<group>"; };
		6E5DF6F81E19407D00565D24 /* Assets.xcassets */ = {isa = PBXFileReference; lastKnownFileType = folder.assetcatalog; path = Assets.xcassets; sourceTree = "<group>"; };
		6E5DF6FB1E19407D00565D24 /* Base */ = {isa = PBXFileReference; lastKnownFileType = file.storyboard; name = Base; path = Base.lproj/LaunchScreen.storyboard; sourceTree = "<group>"; };
		6E5DF6FD1E19407D00565D24 /* Info.plist */ = {isa = PBXFileReference; lastKnownFileType = text.plist.xml; path = Info.plist; sourceTree = "<group>"; };
		6E5DF7031E1940A200565D24 /* GCDBlackBox.swift */ = {isa = PBXFileReference; fileEncoding = 4; lastKnownFileType = sourcecode.swift; path = GCDBlackBox.swift; sourceTree = "<group>"; };
		6E5DF7051E1940F300565D24 /* Constans.swift */ = {isa = PBXFileReference; fileEncoding = 4; lastKnownFileType = sourcecode.swift; path = Constans.swift; sourceTree = "<group>"; };
		6E5DF7071E19688D00565D24 /* RandomNumberGenerator.swift */ = {isa = PBXFileReference; fileEncoding = 4; lastKnownFileType = sourcecode.swift; path = RandomNumberGenerator.swift; sourceTree = "<group>"; };
/* End PBXFileReference section */

/* Begin PBXFrameworksBuildPhase section */
		6E5DF6EB1E19407D00565D24 /* Frameworks */ = {
			isa = PBXFrameworksBuildPhase;
			buildActionMask = 2147483647;
			files = (
			);
			runOnlyForDeploymentPostprocessing = 0;
		};
/* End PBXFrameworksBuildPhase section */

/* Begin PBXGroup section */
		6E5DF6E51E19407D00565D24 = {
			isa = PBXGroup;
			children = (
				6E5DF6F01E19407D00565D24 /* Sleeping In The Library */,
				6E5DF6EF1E19407D00565D24 /* Products */,
			);
			sourceTree = "<group>";
		};
		6E5DF6EF1E19407D00565D24 /* Products */ = {
			isa = PBXGroup;
			children = (
				6E5DF6EE1E19407D00565D24 /* Sleeping In The Library.app */,
			);
			name = Products;
			sourceTree = "<group>";
		};
		6E5DF6F01E19407D00565D24 /* Sleeping In The Library */ = {
			isa = PBXGroup;
			children = (
				6E5DF6F11E19407D00565D24 /* AppDelegate.swift */,
				6E5DF7051E1940F300565D24 /* Constans.swift */,
				6E5DF7031E1940A200565D24 /* GCDBlackBox.swift */,
				6E5DF7071E19688D00565D24 /* RandomNumberGenerator.swift */,
				6E5DF6F31E19407D00565D24 /* ViewController.swift */,
				6E5DF6F51E19407D00565D24 /* Main.storyboard */,
				6E5DF6F81E19407D00565D24 /* Assets.xcassets */,
				6E5DF6FA1E19407D00565D24 /* LaunchScreen.storyboard */,
				6E5DF6FD1E19407D00565D24 /* Info.plist */,
			);
			path = "Sleeping In The Library";
			sourceTree = "<group>";
		};
/* End PBXGroup section */

/* Begin PBXNativeTarget section */
		6E5DF6ED1E19407D00565D24 /* Sleeping In The Library */ = {
			isa = PBXNativeTarget;
			buildConfigurationList = 6E5DF7001E19407D00565D24 /* Build configuration list for PBXNativeTarget "Sleeping In The Library" */;
			buildPhases = (
				6E5DF6EA1E19407D00565D24 /* Sources */,
				6E5DF6EB1E19407D00565D24 /* Frameworks */,
				6E5DF6EC1E19407D00565D24 /* Resources */,
			);
			buildRules = (
			);
			dependencies = (
			);
			name = "Sleeping In The Library";
			productName = "Sleeping In The Library";
			productReference = 6E5DF6EE1E19407D00565D24 /* Sleeping In The Library.app */;
			productType = "com.apple.product-type.application";
		};
/* End PBXNativeTarget section */

/* Begin PBXProject section */
		6E5DF6E61E19407D00565D24 /* Project object */ = {
			isa = PBXProject;
			attributes = {
				LastSwiftUpdateCheck = 0820;
				LastUpgradeCheck = 0820;
				ORGANIZATIONNAME = "Zulwiyoza Putra";
				TargetAttributes = {
					6E5DF6ED1E19407D00565D24 = {
						CreatedOnToolsVersion = 8.2;
						DevelopmentTeam = 44VVQHZS45;
						ProvisioningStyle = Automatic;
					};
				};
			};
			buildConfigurationList = 6E5DF6E91E19407D00565D24 /* Build configuration list for PBXProject "Sleeping In The Library" */;
			compatibilityVersion = "Xcode 3.2";
			developmentRegion = English;
			hasScannedForEncodings = 0;
			knownRegions = (
				en,
				Base,
			);
			mainGroup = 6E5DF6E51E19407D00565D24;
			productRefGroup = 6E5DF6EF1E19407D00565D24 /* Products */;
			projectDirPath = "";
			projectRoot = "";
			targets = (
				6E5DF6ED1E19407D00565D24 /* Sleeping In The Library */,
			);
		};
/* End PBXProject section */

/* Begin PBXResourcesBuildPhase section */
		6E5DF6EC1E19407D00565D24 /* Resources */ = {
			isa = PBXResourcesBuildPhase;
			buildActionMask = 2147483647;
			files = (
				6E5DF6FC1E19407D00565D24 /* LaunchScreen.storyboard in Resources */,
				6E5DF6F91E19407D00565D24 /* Assets.xcassets in Resources */,
				6E5DF6F71E19407D00565D24 /* Main.storyboard in Resources */,
			);
			runOnlyForDeploymentPostprocessing = 0;
		};
/* End PBXResourcesBuildPhase section */

/* Begin PBXSourcesBuildPhase section */
		6E5DF6EA1E19407D00565D24 /* Sources */ = {
			isa = PBXSourcesBuildPhase;
			buildActionMask = 2147483647;
			files = (
				6E5DF6F41E19407D00565D24 /* ViewController.swift in Sources */,
				6E5DF7041E1940A200565D24 /* GCDBlackBox.swift in Sources */,
				6E5DF7081E19688D00565D24 /* RandomNumberGenerator.swift in Sources */,
				6E5DF7061E1940F300565D24 /* Constans.swift in Sources */,
				6E5DF6F21E19407D00565D24 /* AppDelegate.swift in Sources */,
			);
			runOnlyForDeploymentPostprocessing = 0;
		};
/* End PBXSourcesBuildPhase section */

/* Begin PBXVariantGroup section */
		6E5DF6F51E19407D00565D24 /* Main.storyboard */ = {
			isa = PBXVariantGroup;
			children = (
				6E5DF6F61E19407D00565D24 /* Base */,
			);
			name = Main.storyboard;
			sourceTree = "<group>";
		};
		6E5DF6FA1E19407D00565D24 /* LaunchScreen.storyboard */ = {
			isa = PBXVariantGroup;
			children = (
				6E5DF6FB1E19407D00565D24 /* Base */,
			);
			name = LaunchScreen.storyboard;
			sourceTree = "<group>";
		};
/* End PBXVariantGroup section */

/* Begin XCBuildConfiguration section */
		6E5DF6FE1E19407D00565D24 /* Debug */ = {
			isa = XCBuildConfiguration;
			buildSettings = {
				ALWAYS_SEARCH_USER_PATHS = NO;
				CLANG_ANALYZER_NONNULL = YES;
				CLANG_CXX_LANGUAGE_STANDARD = "gnu++0x";
				CLANG_CXX_LIBRARY = "libc++";
				CLANG_ENABLE_MODULES = YES;
				CLANG_ENABLE_OBJC_ARC = YES;
				CLANG_WARN_BOOL_CONVERSION = YES;
				CLANG_WARN_CONSTANT_CONVERSION = YES;
				CLANG_WARN_DIRECT_OBJC_ISA_USAGE = YES_ERROR;
				CLANG_WARN_DOCUMENTATION_COMMENTS = YES;
				CLANG_WARN_EMPTY_BODY = YES;
				CLANG_WARN_ENUM_CONVERSION = YES;
				CLANG_WARN_INFINITE_RECURSION = YES;
				CLANG_WARN_INT_CONVERSION = YES;
				CLANG_WARN_OBJC_ROOT_CLASS = YES_ERROR;
				CLANG_WARN_SUSPICIOUS_MOVE = YES;
				CLANG_WARN_UNREACHABLE_CODE = YES;
				CLANG_WARN__DUPLICATE_METHOD_MATCH = YES;
				"CODE_SIGN_IDENTITY[sdk=iphoneos*]" = "iPhone Developer";
				COPY_PHASE_STRIP = NO;
				DEBUG_INFORMATION_FORMAT = dwarf;
				ENABLE_STRICT_OBJC_MSGSEND = YES;
				ENABLE_TESTABILITY = YES;
				GCC_C_LANGUAGE_STANDARD = gnu99;
				GCC_DYNAMIC_NO_PIC = NO;
				GCC_NO_COMMON_BLOCKS = YES;
				GCC_OPTIMIZATION_LEVEL = 0;
				GCC_PREPROCESSOR_DEFINITIONS = (
					"DEBUG=1",
					"$(inherited)",
				);
				GCC_WARN_64_TO_32_BIT_CONVERSION = YES;
				GCC_WARN_ABOUT_RETURN_TYPE = YES_ERROR;
				GCC_WARN_UNDECLARED_SELECTOR = YES;
				GCC_WARN_UNINITIALIZED_AUTOS = YES_AGGRESSIVE;
				GCC_WARN_UNUSED_FUNCTION = YES;
				GCC_WARN_UNUSED_VARIABLE = YES;
				IPHONEOS_DEPLOYMENT_TARGET = 10.2;
				MTL_ENABLE_DEBUG_INFO = YES;
				ONLY_ACTIVE_ARCH = YES;
				SDKROOT = iphoneos;
				SWIFT_ACTIVE_COMPILATION_CONDITIONS = DEBUG;
				SWIFT_OPTIMIZATION_LEVEL = "-Onone";
				TARGETED_DEVICE_FAMILY = "1,2";
			};
			name = Debug;
		};
		6E5DF6FF1E19407D00565D24 /* Release */ = {
			isa = XCBuildConfiguration;
			buildSettings = {
				ALWAYS_SEARCH_USER_PATHS = NO;
				CLANG_ANALYZER_NONNULL = YES;
				CLANG_CXX_LANGUAGE_STANDARD = "gnu++0x";
				CLANG_CXX_LIBRARY = "libc++";
				CLANG_ENABLE_MODULES = YES;
				CLANG_ENABLE_OBJC_ARC = YES;
				CLANG_WARN_BOOL_CONVERSION = YES;
				CLANG_WARN_CONSTANT_CONVERSION = YES;
				CLANG_WARN_DIRECT_OBJC_ISA_USAGE = YES_ERROR;
				CLANG_WARN_DOCUMENTATION_COMMENTS = YES;
				CLANG_WARN_EMPTY_BODY = YES;
				CLANG_WARN_ENUM_CONVERSION = YES;
				CLANG_WARN_INFINITE_RECURSION = YES;
				CLANG_WARN_INT_CONVERSION = YES;
				CLANG_WARN_OBJC_ROOT_CLASS = YES_ERROR;
				CLANG_WARN_SUSPICIOUS_MOVE = YES;
				CLANG_WARN_UNREACHABLE_CODE = YES;
				CLANG_WARN__DUPLICATE_METHOD_MATCH = YES;
				"CODE_SIGN_IDENTITY[sdk=iphoneos*]" = "iPhone Developer";
				COPY_PHASE_STRIP = NO;
				DEBUG_INFORMATION_FORMAT = "dwarf-with-dsym";
				ENABLE_NS_ASSERTIONS = NO;
				ENABLE_STRICT_OBJC_MSGSEND = YES;
				GCC_C_LANGUAGE_STANDARD = gnu99;
				GCC_NO_COMMON_BLOCKS = YES;
				GCC_WARN_64_TO_32_BIT_CONVERSION = YES;
				GCC_WARN_ABOUT_RETURN_TYPE = YES_ERROR;
				GCC_WARN_UNDECLARED_SELECTOR = YES;
				GCC_WARN_UNINITIALIZED_AUTOS = YES_AGGRESSIVE;
				GCC_WARN_UNUSED_FUNCTION = YES;
				GCC_WARN_UNUSED_VARIABLE = YES;
				IPHONEOS_DEPLOYMENT_TARGET = 10.2;
				MTL_ENABLE_DEBUG_INFO = NO;
				SDKROOT = iphoneos;
				SWIFT_OPTIMIZATION_LEVEL = "-Owholemodule";
				TARGETED_DEVICE_FAMILY = "1,2";
				VALIDATE_PRODUCT = YES;
			};
			name = Release;
		};
		6E5DF7011E19407D00565D24 /* Debug */ = {
			isa = XCBuildConfiguration;
			buildSettings = {
				ASSETCATALOG_COMPILER_APPICON_NAME = AppIcon;
				DEVELOPMENT_TEAM = 44VVQHZS45;
				INFOPLIST_FILE = "Sleeping In The Library/Info.plist";
				LD_RUNPATH_SEARCH_PATHS = "$(inherited) @executable_path/Frameworks";
				PRODUCT_BUNDLE_IDENTIFIER = "com.zulwiyozaputra.Sleeping-In-The-Library";
				PRODUCT_NAME = "$(TARGET_NAME)";
				SWIFT_VERSION = 3.0;
			};
			name = Debug;
		};
		6E5DF7021E19407D00565D24 /* Release */ = {
			isa = XCBuildConfiguration;
			buildSettings = {
				ASSETCATALOG_COMPILER_APPICON_NAME = AppIcon;
				DEVELOPMENT_TEAM = 44VVQHZS45;
				INFOPLIST_FILE = "Sleeping In The Library/Info.plist";
				LD_RUNPATH_SEARCH_PATHS = "$(inherited) @executable_path/Frameworks";
				PRODUCT_BUNDLE_IDENTIFIER = "com.zulwiyozaputra.Sleeping-In-The-Library";
				PRODUCT_NAME = "$(TARGET_NAME)";
				SWIFT_VERSION = 3.0;
			};
			name = Release;
		};
/* End XCBuildConfiguration section */

/* Begin XCConfigurationList section */
		6E5DF6E91E19407D00565D24 /* Build configuration list for PBXProject "Sleeping In The Library" */ = {
			isa = XCConfigurationList;
			buildConfigurations = (
				6E5DF6FE1E19407D00565D24 /* Debug */,
				6E5DF6FF1E19407D00565D24 /* Release */,
			);
			defaultConfigurationIsVisible = 0;
			defaultConfigurationName = Release;
		};
		6E5DF7001E19407D00565D24 /* Build configuration list for PBXNativeTarget "Sleeping In The Library" */ = {
			isa = XCConfigurationList;
			buildConfigurations = (
				6E5DF7011E19407D00565D24 /* Debug */,
				6E5DF7021E19407D00565D24 /* Release */,
			);
			defaultConfigurationIsVisible = 0;
		};
/* End XCConfigurationList section */
	};
	rootObject = 6E5DF6E61E19407D00565D24 /* Project object */;
}
